// !$*UTF8*$!
{
	archiveVersion = 1;
	classes = {
	};
	objectVersion = 50;
	objects = {

/* Begin PBXBuildFile section */
		1F41D2E221903D350080E814 /* AppDelegate.swift in Sources */ = {isa = PBXBuildFile; fileRef = 1F41D2E121903D350080E814 /* AppDelegate.swift */; };
		1F41D2E421903D350080E814 /* ViewController.swift in Sources */ = {isa = PBXBuildFile; fileRef = 1F41D2E321903D350080E814 /* ViewController.swift */; };
		1F41D2E721903D350080E814 /* Main.storyboard in Resources */ = {isa = PBXBuildFile; fileRef = 1F41D2E521903D350080E814 /* Main.storyboard */; };
		1F41D2E921903D380080E814 /* Assets.xcassets in Resources */ = {isa = PBXBuildFile; fileRef = 1F41D2E821903D380080E814 /* Assets.xcassets */; };
		1F41D2EC21903D380080E814 /* LaunchScreen.storyboard in Resources */ = {isa = PBXBuildFile; fileRef = 1F41D2EA21903D380080E814 /* LaunchScreen.storyboard */; };
		1F41D2F8219083340080E814 /* StaticViewController.swift in Sources */ = {isa = PBXBuildFile; fileRef = 1F41D2F7219083340080E814 /* StaticViewController.swift */; };
		1F41D2FA2190835D0080E814 /* DynamicViewController.swift in Sources */ = {isa = PBXBuildFile; fileRef = 1F41D2F92190835D0080E814 /* DynamicViewController.swift */; };
/* End PBXBuildFile section */

/* Begin PBXFileReference section */
		1F41D2DE21903D350080E814 /* laba1_model.app */ = {isa = PBXFileReference; explicitFileType = wrapper.application; includeInIndex = 0; path = laba1_model.app; sourceTree = BUILT_PRODUCTS_DIR; };
		1F41D2E121903D350080E814 /* AppDelegate.swift */ = {isa = PBXFileReference; lastKnownFileType = sourcecode.swift; path = AppDelegate.swift; sourceTree = "<group>"; };
		1F41D2E321903D350080E814 /* ViewController.swift */ = {isa = PBXFileReference; lastKnownFileType = sourcecode.swift; path = ViewController.swift; sourceTree = "<group>"; };
		1F41D2E621903D350080E814 /* Base */ = {isa = PBXFileReference; lastKnownFileType = file.storyboard; name = Base; path = Base.lproj/Main.storyboard; sourceTree = "<group>"; };
		1F41D2E821903D380080E814 /* Assets.xcassets */ = {isa = PBXFileReference; lastKnownFileType = folder.assetcatalog; path = Assets.xcassets; sourceTree = "<group>"; };
		1F41D2EB21903D380080E814 /* Base */ = {isa = PBXFileReference; lastKnownFileType = file.storyboard; name = Base; path = Base.lproj/LaunchScreen.storyboard; sourceTree = "<group>"; };
		1F41D2ED21903D380080E814 /* Info.plist */ = {isa = PBXFileReference; lastKnownFileType = text.plist.xml; path = Info.plist; sourceTree = "<group>"; };
		1F41D2F7219083340080E814 /* StaticViewController.swift */ = {isa = PBXFileReference; lastKnownFileType = sourcecode.swift; path = StaticViewController.swift; sourceTree = "<group>"; };
		1F41D2F92190835D0080E814 /* DynamicViewController.swift */ = {isa = PBXFileReference; lastKnownFileType = sourcecode.swift; path = DynamicViewController.swift; sourceTree = "<group>"; };
/* End PBXFileReference section */

/* Begin PBXFrameworksBuildPhase section */
		1F41D2DB21903D350080E814 /* Frameworks */ = {
			isa = PBXFrameworksBuildPhase;
			buildActionMask = 2147483647;
			files = (
			);
			runOnlyForDeploymentPostprocessing = 0;
		};
/* End PBXFrameworksBuildPhase section */

/* Begin PBXGroup section */
		1F41D2D521903D340080E814 = {
			isa = PBXGroup;
			children = (
				1F41D2E021903D350080E814 /* laba1_model */,
				1F41D2DF21903D350080E814 /* Products */,
			);
			sourceTree = "<group>";
		};
		1F41D2DF21903D350080E814 /* Products */ = {
			isa = PBXGroup;
			children = (
				1F41D2DE21903D350080E814 /* laba1_model.app */,
			);
			name = Products;
			sourceTree = "<group>";
		};
		1F41D2E021903D350080E814 /* laba1_model */ = {
			isa = PBXGroup;
			children = (
				1F41D2F7219083340080E814 /* StaticViewController.swift */,
				1F41D2F92190835D0080E814 /* DynamicViewController.swift */,
				1F41D2E121903D350080E814 /* AppDelegate.swift */,
				1F41D2E321903D350080E814 /* ViewController.swift */,
				1F41D2E821903D380080E814 /* Assets.xcassets */,
				1F41D2E521903D350080E814 /* Main.storyboard */,
				1F41D2EA21903D380080E814 /* LaunchScreen.storyboard */,
				1F41D2ED21903D380080E814 /* Info.plist */,
			);
			path = laba1_model;
			sourceTree = "<group>";
		};
/* End PBXGroup section */

/* Begin PBXNativeTarget section */
		1F41D2DD21903D350080E814 /* laba1_model */ = {
			isa = PBXNativeTarget;
			buildConfigurationList = 1F41D2F021903D380080E814 /* Build configuration list for PBXNativeTarget "laba1_model" */;
			buildPhases = (
				1F41D2DA21903D350080E814 /* Sources */,
				1F41D2DB21903D350080E814 /* Frameworks */,
				1F41D2DC21903D350080E814 /* Resources */,
			);
			buildRules = (
			);
			dependencies = (
			);
			name = laba1_model;
			productName = laba1_model;
			productReference = 1F41D2DE21903D350080E814 /* laba1_model.app */;
			productType = "com.apple.product-type.application";
		};
/* End PBXNativeTarget section */

/* Begin PBXProject section */
		1F41D2D621903D340080E814 /* Project object */ = {
			isa = PBXProject;
			attributes = {
				LastSwiftUpdateCheck = 1000;
				LastUpgradeCheck = 1000;
				ORGANIZATIONNAME = "Ибрагим Мамадаев";
				TargetAttributes = {
					1F41D2DD21903D350080E814 = {
						CreatedOnToolsVersion = 10.0;
					};
				};
			};
			buildConfigurationList = 1F41D2D921903D340080E814 /* Build configuration list for PBXProject "laba1_model" */;
			compatibilityVersion = "Xcode 9.3";
			developmentRegion = en;
			hasScannedForEncodings = 0;
			knownRegions = (
				en,
				Base,
			);
			mainGroup = 1F41D2D521903D340080E814;
			productRefGroup = 1F41D2DF21903D350080E814 /* Products */;
			projectDirPath = "";
			projectRoot = "";
			targets = (
				1F41D2DD21903D350080E814 /* laba1_model */,
			);
		};
/* End PBXProject section */

/* Begin PBXResourcesBuildPhase section */
		1F41D2DC21903D350080E814 /* Resources */ = {
			isa = PBXResourcesBuildPhase;
			buildActionMask = 2147483647;
			files = (
				1F41D2EC21903D380080E814 /* LaunchScreen.storyboard in Resources */,
				1F41D2E921903D380080E814 /* Assets.xcassets in Resources */,
				1F41D2E721903D350080E814 /* Main.storyboard in Resources */,
			);
			runOnlyForDeploymentPostprocessing = 0;
		};
/* End PBXResourcesBuildPhase section */

/* Begin PBXSourcesBuildPhase section */
		1F41D2DA21903D350080E814 /* Sources */ = {
			isa = PBXSourcesBuildPhase;
			buildActionMask = 2147483647;
			files = (
				1F41D2E421903D350080E814 /* ViewController.swift in Sources */,
				1F41D2F8219083340080E814 /* StaticViewController.swift in Sources */,
				1F41D2FA2190835D0080E814 /* DynamicViewController.swift in Sources */,
				1F41D2E221903D350080E814 /* AppDelegate.swift in Sources */,
			);
			runOnlyForDeploymentPostprocessing = 0;
		};
/* End PBXSourcesBuildPhase section */

/* Begin PBXVariantGroup section */
		1F41D2E521903D350080E814 /* Main.storyboard */ = {
			isa = PBXVariantGroup;
			children = (
				1F41D2E621903D350080E814 /* Base */,
			);
			name = Main.storyboard;
			sourceTree = "<group>";
		};
		1F41D2EA21903D380080E814 /* LaunchScreen.storyboard */ = {
			isa = PBXVariantGroup;
			children = (
				1F41D2EB21903D380080E814 /* Base */,
			);
			name = LaunchScreen.storyboard;
			sourceTree = "<group>";
		};
/* End PBXVariantGroup section */

/* Begin XCBuildConfiguration section */
		1F41D2EE21903D380080E814 /* Debug */ = {
			isa = XCBuildConfiguration;
			buildSettings = {
				ALWAYS_SEARCH_USER_PATHS = NO;
				CLANG_ANALYZER_NONNULL = YES;
				CLANG_ANALYZER_NUMBER_OBJECT_CONVERSION = YES_AGGRESSIVE;
				CLANG_CXX_LANGUAGE_STANDARD = "gnu++14";
				CLANG_CXX_LIBRARY = "libc++";
				CLANG_ENABLE_MODULES = YES;
				CLANG_ENABLE_OBJC_ARC = YES;
				CLANG_ENABLE_OBJC_WEAK = YES;
				CLANG_WARN_BLOCK_CAPTURE_AUTORELEASING = YES;
				CLANG_WARN_BOOL_CONVERSION = YES;
				CLANG_WARN_COMMA = YES;
				CLANG_WARN_CONSTANT_CONVERSION = YES;
				CLANG_WARN_DEPRECATED_OBJC_IMPLEMENTATIONS = YES;
				CLANG_WARN_DIRECT_OBJC_ISA_USAGE = YES_ERROR;
				CLANG_WARN_DOCUMENTATION_COMMENTS = YES;
				CLANG_WARN_EMPTY_BODY = YES;
				CLANG_WARN_ENUM_CONVERSION = YES;
				CLANG_WARN_INFINITE_RECURSION = YES;
				CLANG_WARN_INT_CONVERSION = YES;
				CLANG_WARN_NON_LITERAL_NULL_CONVERSION = YES;
				CLANG_WARN_OBJC_IMPLICIT_RETAIN_SELF = YES;
				CLANG_WARN_OBJC_LITERAL_CONVERSION = YES;
				CLANG_WARN_OBJC_ROOT_CLASS = YES_ERROR;
				CLANG_WARN_RANGE_LOOP_ANALYSIS = YES;
				CLANG_WARN_STRICT_PROTOTYPES = YES;
				CLANG_WARN_SUSPICIOUS_MOVE = YES;
				CLANG_WARN_UNGUARDED_AVAILABILITY = YES_AGGRESSIVE;
				CLANG_WARN_UNREACHABLE_CODE = YES;
				CLANG_WARN__DUPLICATE_METHOD_MATCH = YES;
				CODE_SIGN_IDENTITY = "iPhone Developer";
				COPY_PHASE_STRIP = NO;
				DEBUG_INFORMATION_FORMAT = dwarf;
				ENABLE_STRICT_OBJC_MSGSEND = YES;
				ENABLE_TESTABILITY = YES;
				GCC_C_LANGUAGE_STANDARD = gnu11;
				GCC_DYNAMIC_NO_PIC = NO;
				GCC_NO_COMMON_BLOCKS = YES;
				GCC_OPTIMIZATION_LEVEL = 0;
				GCC_PREPROCESSOR_DEFINITIONS = (
					"DEBUG=1",
					"$(inherited)",
				);
				GCC_WARN_64_TO_32_BIT_CONVERSION = YES;
				GCC_WARN_ABOUT_RETURN_TYPE = YES_ERROR;
				GCC_WARN_UNDECLARED_SELECTOR = YES;
				GCC_WARN_UNINITIALIZED_AUTOS = YES_AGGRESSIVE;
				GCC_WARN_UNUSED_FUNCTION = YES;
				GCC_WARN_UNUSED_VARIABLE = YES;
				IPHONEOS_DEPLOYMENT_TARGET = 12.0;
				MTL_ENABLE_DEBUG_INFO = INCLUDE_SOURCE;
				MTL_FAST_MATH = YES;
				ONLY_ACTIVE_ARCH = YES;
				SDKROOT = iphoneos;
				SWIFT_ACTIVE_COMPILATION_CONDITIONS = DEBUG;
				SWIFT_OPTIMIZATION_LEVEL = "-Onone";
			};
			name = Debug;
		};
		1F41D2EF21903D380080E814 /* Release */ = {
			isa = XCBuildConfiguration;
			buildSettings = {
				ALWAYS_SEARCH_USER_PATHS = NO;
				CLANG_ANALYZER_NONNULL = YES;
				CLANG_ANALYZER_NUMBER_OBJECT_CONVERSION = YES_AGGRESSIVE;
				CLANG_CXX_LANGUAGE_STANDARD = "gnu++14";
				CLANG_CXX_LIBRARY = "libc++";
				CLANG_ENABLE_MODULES = YES;
				CLANG_ENABLE_OBJC_ARC = YES;
				CLANG_ENABLE_OBJC_WEAK = YES;
				CLANG_WARN_BLOCK_CAPTURE_AUTORELEASING = YES;
				CLANG_WARN_BOOL_CONVERSION = YES;
				CLANG_WARN_COMMA = YES;
				CLANG_WARN_CONSTANT_CONVERSION = YES;
				CLANG_WARN_DEPRECATED_OBJC_IMPLEMENTATIONS = YES;
				CLANG_WARN_DIRECT_OBJC_ISA_USAGE = YES_ERROR;
				CLANG_WARN_DOCUMENTATION_COMMENTS = YES;
				CLANG_WARN_EMPTY_BODY = YES;
				CLANG_WARN_ENUM_CONVERSION = YES;
				CLANG_WARN_INFINITE_RECURSION = YES;
				CLANG_WARN_INT_CONVERSION = YES;
				CLANG_WARN_NON_LITERAL_NULL_CONVERSION = YES;
				CLANG_WARN_OBJC_IMPLICIT_RETAIN_SELF = YES;
				CLANG_WARN_OBJC_LITERAL_CONVERSION = YES;
				CLANG_WARN_OBJC_ROOT_CLASS = YES_ERROR;
				CLANG_WARN_RANGE_LOOP_ANALYSIS = YES;
				CLANG_WARN_STRICT_PROTOTYPES = YES;
				CLANG_WARN_SUSPICIOUS_MOVE = YES;
				CLANG_WARN_UNGUARDED_AVAILABILITY = YES_AGGRESSIVE;
				CLANG_WARN_UNREACHABLE_CODE = YES;
				CLANG_WARN__DUPLICATE_METHOD_MATCH = YES;
				CODE_SIGN_IDENTITY = "iPhone Developer";
				COPY_PHASE_STRIP = NO;
				DEBUG_INFORMATION_FORMAT = "dwarf-with-dsym";
				ENABLE_NS_ASSERTIONS = NO;
				ENABLE_STRICT_OBJC_MSGSEND = YES;
				GCC_C_LANGUAGE_STANDARD = gnu11;
				GCC_NO_COMMON_BLOCKS = YES;
				GCC_WARN_64_TO_32_BIT_CONVERSION = YES;
				GCC_WARN_ABOUT_RETURN_TYPE = YES_ERROR;
				GCC_WARN_UNDECLARED_SELECTOR = YES;
				GCC_WARN_UNINITIALIZED_AUTOS = YES_AGGRESSIVE;
				GCC_WARN_UNUSED_FUNCTION = YES;
				GCC_WARN_UNUSED_VARIABLE = YES;
				IPHONEOS_DEPLOYMENT_TARGET = 12.0;
				MTL_ENABLE_DEBUG_INFO = NO;
				MTL_FAST_MATH = YES;
				SDKROOT = iphoneos;
				SWIFT_COMPILATION_MODE = wholemodule;
				SWIFT_OPTIMIZATION_LEVEL = "-O";
				VALIDATE_PRODUCT = YES;
			};
			name = Release;
		};
		1F41D2F121903D380080E814 /* Debug */ = {
			isa = XCBuildConfiguration;
			buildSettings = {
				ASSETCATALOG_COMPILER_APPICON_NAME = AppIcon;
				CODE_SIGN_STYLE = Automatic;
				DEVELOPMENT_TEAM = P9784LPU65;
				INFOPLIST_FILE = laba1_model/Info.plist;
				LD_RUNPATH_SEARCH_PATHS = (
					"$(inherited)",
					"@executable_path/Frameworks",
				);
				PRODUCT_BUNDLE_IDENTIFIER = "bmstu.laba1-model";
				PRODUCT_NAME = "$(TARGET_NAME)";
				SWIFT_VERSION = 4.2;
				TARGETED_DEVICE_FAMILY = "1,2";
			};
			name = Debug;
		};
		1F41D2F221903D380080E814 /* Release */ = {
			isa = XCBuildConfiguration;
			buildSettings = {
				ASSETCATALOG_COMPILER_APPICON_NAME = AppIcon;
				CODE_SIGN_STYLE = Automatic;
				DEVELOPMENT_TEAM = P9784LPU65;
				INFOPLIST_FILE = laba1_model/Info.plist;
				LD_RUNPATH_SEARCH_PATHS = (
					"$(inherited)",
					"@executable_path/Frameworks",
				);
				PRODUCT_BUNDLE_IDENTIFIER = "bmstu.laba1-model";
				PRODUCT_NAME = "$(TARGET_NAME)";
				SWIFT_VERSION = 4.2;
				TARGETED_DEVICE_FAMILY = "1,2";
			};
			name = Release;
		};
/* End XCBuildConfiguration section */

/* Begin XCConfigurationList section */
		1F41D2D921903D340080E814 /* Build configuration list for PBXProject "laba1_model" */ = {
			isa = XCConfigurationList;
			buildConfigurations = (
				1F41D2EE21903D380080E814 /* Debug */,
				1F41D2EF21903D380080E814 /* Release */,
			);
			defaultConfigurationIsVisible = 0;
			defaultConfigurationName = Release;
		};
		1F41D2F021903D380080E814 /* Build configuration list for PBXNativeTarget "laba1_model" */ = {
			isa = XCConfigurationList;
			buildConfigurations = (
				1F41D2F121903D380080E814 /* Debug */,
				1F41D2F221903D380080E814 /* Release */,
			);
			defaultConfigurationIsVisible = 0;
			defaultConfigurationName = Release;
		};
/* End XCConfigurationList section */
	};
	rootObject = 1F41D2D621903D340080E814 /* Project object */;
}
